
Microsoft Visual Studio Solution File, Format Version 12.00
# Visual Studio 2012
Project("{FAE04EC0-301F-11D3-BF4B-00C04F79EFBC}") = "Person and Customer Classes", "Person and Customer Classes\Person and Customer Classes.csproj", "{B4CDE552-09AB-4FB4-9CC6-2C9D1816BD06}"
EndProject
Global
	GlobalSection(SolutionConfigurationPlatforms) = preSolution
		Debug|Any CPU = Debug|Any CPU
		Release|Any CPU = Release|Any CPU
	EndGlobalSection
	GlobalSection(ProjectConfigurationPlatforms) = postSolution
		{B4CDE552-09AB-4FB4-9CC6-2C9D1816BD06}.Debug|Any CPU.ActiveCfg = Debug|Any CPU
		{B4CDE552-09AB-4FB4-9CC6-2C9D1816BD06}.Debug|Any CPU.Build.0 = Debug|Any CPU
		{B4CDE552-09AB-4FB4-9CC6-2C9D1816BD06}.Release|Any CPU.ActiveCfg = Release|Any CPU
		{B4CDE552-09AB-4FB4-9CC6-2C9D1816BD06}.Release|Any CPU.Build.0 = Release|Any CPU
	EndGlobalSection
	GlobalSection(SolutionProperties) = preSolution
		HideSolutionNode = FALSE
	EndGlobalSection
EndGlobal
