
Microsoft Visual Studio Solution File, Format Version 12.00
# Visual Studio 2012
Project("{FAE04EC0-301F-11D3-BF4B-00C04F79EFBC}") = "sales price calc", "sales price calc\sales price calc.csproj", "{9868BF78-1A39-4DD9-BE70-26C02D49F522}"
EndProject
Global
	GlobalSection(SolutionConfigurationPlatforms) = preSolution
		Debug|Any CPU = Debug|Any CPU
		Release|Any CPU = Release|Any CPU
	EndGlobalSection
	GlobalSection(ProjectConfigurationPlatforms) = postSolution
		{9868BF78-1A39-4DD9-BE70-26C02D49F522}.Debug|Any CPU.ActiveCfg = Debug|Any CPU
		{9868BF78-1A39-4DD9-BE70-26C02D49F522}.Debug|Any CPU.Build.0 = Debug|Any CPU
		{9868BF78-1A39-4DD9-BE70-26C02D49F522}.Release|Any CPU.ActiveCfg = Release|Any CPU
		{9868BF78-1A39-4DD9-BE70-26C02D49F522}.Release|Any CPU.Build.0 = Release|Any CPU
	EndGlobalSection
	GlobalSection(SolutionProperties) = preSolution
		HideSolutionNode = FALSE
	EndGlobalSection
EndGlobal
