
Microsoft Visual Studio Solution File, Format Version 12.00
# Visual Studio 2012
Project("{FAE04EC0-301F-11D3-BF4B-00C04F79EFBC}") = "ch7test", "ch7test\ch7test.csproj", "{ECF72E1C-4A1B-475F-B468-7294AD8AB243}"
EndProject
Global
	GlobalSection(SolutionConfigurationPlatforms) = preSolution
		Debug|Any CPU = Debug|Any CPU
		Release|Any CPU = Release|Any CPU
	EndGlobalSection
	GlobalSection(ProjectConfigurationPlatforms) = postSolution
		{ECF72E1C-4A1B-475F-B468-7294AD8AB243}.Debug|Any CPU.ActiveCfg = Debug|Any CPU
		{ECF72E1C-4A1B-475F-B468-7294AD8AB243}.Debug|Any CPU.Build.0 = Debug|Any CPU
		{ECF72E1C-4A1B-475F-B468-7294AD8AB243}.Release|Any CPU.ActiveCfg = Release|Any CPU
		{ECF72E1C-4A1B-475F-B468-7294AD8AB243}.Release|Any CPU.Build.0 = Release|Any CPU
	EndGlobalSection
	GlobalSection(SolutionProperties) = preSolution
		HideSolutionNode = FALSE
	EndGlobalSection
EndGlobal
