
Microsoft Visual Studio Solution File, Format Version 12.00
# Visual Studio 2012
Project("{FAE04EC0-301F-11D3-BF4B-00C04F79EFBC}") = "Test Average", "Test Average\Test Average.csproj", "{61F7EB3E-131A-4B4B-894E-A59845A3015E}"
EndProject
Global
	GlobalSection(SolutionConfigurationPlatforms) = preSolution
		Debug|Any CPU = Debug|Any CPU
		Release|Any CPU = Release|Any CPU
	EndGlobalSection
	GlobalSection(ProjectConfigurationPlatforms) = postSolution
		{61F7EB3E-131A-4B4B-894E-A59845A3015E}.Debug|Any CPU.ActiveCfg = Debug|Any CPU
		{61F7EB3E-131A-4B4B-894E-A59845A3015E}.Debug|Any CPU.Build.0 = Debug|Any CPU
		{61F7EB3E-131A-4B4B-894E-A59845A3015E}.Release|Any CPU.ActiveCfg = Release|Any CPU
		{61F7EB3E-131A-4B4B-894E-A59845A3015E}.Release|Any CPU.Build.0 = Release|Any CPU
	EndGlobalSection
	GlobalSection(SolutionProperties) = preSolution
		HideSolutionNode = FALSE
	EndGlobalSection
EndGlobal
