
Microsoft Visual Studio Solution File, Format Version 12.00
# Visual Studio 2012
Project("{FAE04EC0-301F-11D3-BF4B-00C04F79EFBC}") = "Time Zone", "Time Zone\Time Zone.csproj", "{D6FAF0EC-120E-455B-B89C-1BF5F6415CBB}"
EndProject
Global
	GlobalSection(SolutionConfigurationPlatforms) = preSolution
		Debug|Any CPU = Debug|Any CPU
		Release|Any CPU = Release|Any CPU
	EndGlobalSection
	GlobalSection(ProjectConfigurationPlatforms) = postSolution
		{D6FAF0EC-120E-455B-B89C-1BF5F6415CBB}.Debug|Any CPU.ActiveCfg = Debug|Any CPU
		{D6FAF0EC-120E-455B-B89C-1BF5F6415CBB}.Debug|Any CPU.Build.0 = Debug|Any CPU
		{D6FAF0EC-120E-455B-B89C-1BF5F6415CBB}.Release|Any CPU.ActiveCfg = Release|Any CPU
		{D6FAF0EC-120E-455B-B89C-1BF5F6415CBB}.Release|Any CPU.Build.0 = Release|Any CPU
	EndGlobalSection
	GlobalSection(SolutionProperties) = preSolution
		HideSolutionNode = FALSE
	EndGlobalSection
EndGlobal
